
Microsoft Visual Studio Solution File, Format Version 12.00
# Visual Studio Version 17
VisualStudioVersion = 17.8.34525.116
MinimumVisualStudioVersion = 10.0.40219.1
Project("{FAE04EC0-301F-11D3-BF4B-00C04F79EFBC}") = "RabbitMQ.Publisher", "RabbitMQ.Publisher.csproj", "{BB1374BB-4C82-4556-BCE8-D8EA6624BA4A}"
EndProject
Global
	GlobalSection(SolutionConfigurationPlatforms) = preSolution
		Debug|Any CPU = Debug|Any CPU
		Release|Any CPU = Release|Any CPU
	EndGlobalSection
	GlobalSection(ProjectConfigurationPlatforms) = postSolution
		{BB1374BB-4C82-4556-BCE8-D8EA6624BA4A}.Debug|Any CPU.ActiveCfg = Debug|Any CPU
		{BB1374BB-4C82-4556-BCE8-D8EA6624BA4A}.Debug|Any CPU.Build.0 = Debug|Any CPU
		{BB1374BB-4C82-4556-BCE8-D8EA6624BA4A}.Release|Any CPU.ActiveCfg = Release|Any CPU
		{BB1374BB-4C82-4556-BCE8-D8EA6624BA4A}.Release|Any CPU.Build.0 = Release|Any CPU
	EndGlobalSection
	GlobalSection(SolutionProperties) = preSolution
		HideSolutionNode = FALSE
	EndGlobalSection
	GlobalSection(ExtensibilityGlobals) = postSolution
		SolutionGuid = {79A566E7-5B92-432D-AD66-CD92E6AE2B79}
	EndGlobalSection
EndGlobal
